
Microsoft Visual Studio Solution File, Format Version 12.00
# Visual Studio 15
VisualStudioVersion = 15.0.26403.7
MinimumVisualStudioVersion = 10.0.40219.1
Project("{FAE04EC0-301F-11D3-BF4B-00C04F79EFBC}") = "BlueLock", "BlueLock\BlueLock.csproj", "{3C5557B6-19D0-445E-96B5-7F7A24C80189}"
EndProject
Project("{54435603-DBB4-11D2-8724-00A0C9A8B90C}") = "Setup", "Setup\Setup.vdproj", "{968B068E-EADD-45EB-AD17-6098E79CC70F}"
EndProject
Global
	GlobalSection(SolutionConfigurationPlatforms) = preSolution
		Debug|Any CPU = Debug|Any CPU
		Release|Any CPU = Release|Any CPU
	EndGlobalSection
	GlobalSection(ProjectConfigurationPlatforms) = postSolution
		{3C5557B6-19D0-445E-96B5-7F7A24C80189}.Debug|Any CPU.ActiveCfg = Debug|Any CPU
		{3C5557B6-19D0-445E-96B5-7F7A24C80189}.Debug|Any CPU.Build.0 = Debug|Any CPU
		{3C5557B6-19D0-445E-96B5-7F7A24C80189}.Release|Any CPU.ActiveCfg = Release|Any CPU
		{3C5557B6-19D0-445E-96B5-7F7A24C80189}.Release|Any CPU.Build.0 = Release|Any CPU
		{968B068E-EADD-45EB-AD17-6098E79CC70F}.Debug|Any CPU.ActiveCfg = Debug
		{968B068E-EADD-45EB-AD17-6098E79CC70F}.Release|Any CPU.ActiveCfg = Release
	EndGlobalSection
	GlobalSection(SolutionProperties) = preSolution
		HideSolutionNode = FALSE
	EndGlobalSection
EndGlobal
